// !$*UTF8*$!
{
	archiveVersion = 1;
	classes = {
	};
	objectVersion = 50;
	objects = {

/* Begin PBXBuildFile section */
		17480A5326AC4D7000DB9737 /* coocal_iosApp.swift in Sources */ = {isa = PBXBuildFile; fileRef = 17480A5226AC4D7000DB9737 /* coocal_iosApp.swift */; };
		17480A5526AC4D7000DB9737 /* ContentView.swift in Sources */ = {isa = PBXBuildFile; fileRef = 17480A5426AC4D7000DB9737 /* ContentView.swift */; };
		17480A5726AC4D7400DB9737 /* Assets.xcassets in Resources */ = {isa = PBXBuildFile; fileRef = 17480A5626AC4D7400DB9737 /* Assets.xcassets */; };
		17480A5A26AC4D7400DB9737 /* Preview Assets.xcassets in Resources */ = {isa = PBXBuildFile; fileRef = 17480A5926AC4D7400DB9737 /* Preview Assets.xcassets */; };
		17480A6826AC4DDC00DB9737 /* Home.swift in Sources */ = {isa = PBXBuildFile; fileRef = 17480A6726AC4DDC00DB9737 /* Home.swift */; };
		17480A7026AC534800DB9737 /* MonthlyNavigation.swift in Sources */ = {isa = PBXBuildFile; fileRef = 17480A6F26AC534800DB9737 /* MonthlyNavigation.swift */; };
		17480A7326AC55C600DB9737 /* MonthlyCalendar.swift in Sources */ = {isa = PBXBuildFile; fileRef = 17480A7226AC55C600DB9737 /* MonthlyCalendar.swift */; };
		174C944C26BC110A00C90B35 /* Date+Utils.swift in Sources */ = {isa = PBXBuildFile; fileRef = 174C944B26BC110A00C90B35 /* Date+Utils.swift */; };
		174C945026BC1FEA00C90B35 /* DateFormatter+template.swift in Sources */ = {isa = PBXBuildFile; fileRef = 174C944F26BC1FEA00C90B35 /* DateFormatter+template.swift */; };
		174C945526BC201500C90B35 /* Calendar+generateDates.swift in Sources */ = {isa = PBXBuildFile; fileRef = 174C945426BC201500C90B35 /* Calendar+generateDates.swift */; };
		174C945926BE9D4400C90B35 /* WishList.swift in Sources */ = {isa = PBXBuildFile; fileRef = 174C945826BE9D4400C90B35 /* WishList.swift */; };
		174C945C26C0F70200C90B35 /* Calendar.swift in Sources */ = {isa = PBXBuildFile; fileRef = 174C945B26C0F70200C90B35 /* Calendar.swift */; };
/* End PBXBuildFile section */

/* Begin PBXFileReference section */
		17480A4F26AC4D7000DB9737 /* coocal-ios.app */ = {isa = PBXFileReference; explicitFileType = wrapper.application; includeInIndex = 0; path = "coocal-ios.app"; sourceTree = BUILT_PRODUCTS_DIR; };
		17480A5226AC4D7000DB9737 /* coocal_iosApp.swift */ = {isa = PBXFileReference; lastKnownFileType = sourcecode.swift; path = coocal_iosApp.swift; sourceTree = "<group>"; };
		17480A5426AC4D7000DB9737 /* ContentView.swift */ = {isa = PBXFileReference; lastKnownFileType = sourcecode.swift; path = ContentView.swift; sourceTree = "<group>"; };
		17480A5626AC4D7400DB9737 /* Assets.xcassets */ = {isa = PBXFileReference; lastKnownFileType = folder.assetcatalog; path = Assets.xcassets; sourceTree = "<group>"; };
		17480A5926AC4D7400DB9737 /* Preview Assets.xcassets */ = {isa = PBXFileReference; lastKnownFileType = folder.assetcatalog; path = "Preview Assets.xcassets"; sourceTree = "<group>"; };
		17480A5B26AC4D7400DB9737 /* Info.plist */ = {isa = PBXFileReference; lastKnownFileType = text.plist.xml; path = Info.plist; sourceTree = "<group>"; };
		17480A6726AC4DDC00DB9737 /* Home.swift */ = {isa = PBXFileReference; lastKnownFileType = sourcecode.swift; path = Home.swift; sourceTree = "<group>"; };
		17480A6F26AC534800DB9737 /* MonthlyNavigation.swift */ = {isa = PBXFileReference; lastKnownFileType = sourcecode.swift; path = MonthlyNavigation.swift; sourceTree = "<group>"; };
		17480A7226AC55C600DB9737 /* MonthlyCalendar.swift */ = {isa = PBXFileReference; lastKnownFileType = sourcecode.swift; path = MonthlyCalendar.swift; sourceTree = "<group>"; };
		174C944B26BC110A00C90B35 /* Date+Utils.swift */ = {isa = PBXFileReference; lastKnownFileType = sourcecode.swift; path = "Date+Utils.swift"; sourceTree = "<group>"; };
		174C944F26BC1FEA00C90B35 /* DateFormatter+template.swift */ = {isa = PBXFileReference; lastKnownFileType = sourcecode.swift; path = "DateFormatter+template.swift"; sourceTree = "<group>"; };
		174C945426BC201500C90B35 /* Calendar+generateDates.swift */ = {isa = PBXFileReference; lastKnownFileType = sourcecode.swift; path = "Calendar+generateDates.swift"; sourceTree = "<group>"; };
		174C945826BE9D4400C90B35 /* WishList.swift */ = {isa = PBXFileReference; lastKnownFileType = sourcecode.swift; path = WishList.swift; sourceTree = "<group>"; };
		174C945B26C0F70200C90B35 /* Calendar.swift */ = {isa = PBXFileReference; lastKnownFileType = sourcecode.swift; path = Calendar.swift; sourceTree = "<group>"; };
/* End PBXFileReference section */

/* Begin PBXFrameworksBuildPhase section */
		17480A4C26AC4D7000DB9737 /* Frameworks */ = {
			isa = PBXFrameworksBuildPhase;
			buildActionMask = 2147483647;
			files = (
			);
			runOnlyForDeploymentPostprocessing = 0;
		};
/* End PBXFrameworksBuildPhase section */

/* Begin PBXGroup section */
		17480A4626AC4D7000DB9737 = {
			isa = PBXGroup;
			children = (
				17480A5126AC4D7000DB9737 /* coocal-ios */,
				17480A5026AC4D7000DB9737 /* Products */,
			);
			sourceTree = "<group>";
		};
		17480A5026AC4D7000DB9737 /* Products */ = {
			isa = PBXGroup;
			children = (
				17480A4F26AC4D7000DB9737 /* coocal-ios.app */,
			);
			name = Products;
			sourceTree = "<group>";
		};
		17480A5126AC4D7000DB9737 /* coocal-ios */ = {
			isa = PBXGroup;
			children = (
				174C944926BC101F00C90B35 /* extensions */,
				17480A6226AC4D9000DB9737 /* components */,
				17480A5226AC4D7000DB9737 /* coocal_iosApp.swift */,
				17480A5426AC4D7000DB9737 /* ContentView.swift */,
				17480A5626AC4D7400DB9737 /* Assets.xcassets */,
				17480A5B26AC4D7400DB9737 /* Info.plist */,
				17480A5826AC4D7400DB9737 /* Preview Content */,
			);
			path = "coocal-ios";
			sourceTree = "<group>";
		};
		17480A5826AC4D7400DB9737 /* Preview Content */ = {
			isa = PBXGroup;
			children = (
				17480A5926AC4D7400DB9737 /* Preview Assets.xcassets */,
			);
			path = "Preview Content";
			sourceTree = "<group>";
		};
		17480A6226AC4D9000DB9737 /* components */ = {
			isa = PBXGroup;
			children = (
				17480A6326AC4DA400DB9737 /* atoms */,
				17480A6426AC4DB100DB9737 /* molecules */,
				17480A6526AC4DB900DB9737 /* organisms */,
				17480A6626AC4DC500DB9737 /* pages */,
			);
			path = components;
			sourceTree = "<group>";
		};
		17480A6326AC4DA400DB9737 /* atoms */ = {
			isa = PBXGroup;
			children = (
			);
			path = atoms;
			sourceTree = "<group>";
		};
		17480A6426AC4DB100DB9737 /* molecules */ = {
			isa = PBXGroup;
			children = (
			);
			path = molecules;
			sourceTree = "<group>";
		};
		17480A6526AC4DB900DB9737 /* organisms */ = {
			isa = PBXGroup;
			children = (
				17480A6F26AC534800DB9737 /* MonthlyNavigation.swift */,
				17480A7226AC55C600DB9737 /* MonthlyCalendar.swift */,
				174C945B26C0F70200C90B35 /* Calendar.swift */,
			);
			path = organisms;
			sourceTree = "<group>";
		};
		17480A6626AC4DC500DB9737 /* pages */ = {
			isa = PBXGroup;
			children = (
				17480A6726AC4DDC00DB9737 /* Home.swift */,
				174C945826BE9D4400C90B35 /* WishList.swift */,
			);
			path = pages;
			sourceTree = "<group>";
		};
		174C944926BC101F00C90B35 /* extensions */ = {
			isa = PBXGroup;
			children = (
				174C945326BC1FFF00C90B35 /* Calendar */,
				174C944E26BC1FD000C90B35 /* DateFormatter */,
				174C944A26BC107C00C90B35 /* Date */,
			);
			path = extensions;
			sourceTree = "<group>";
		};
		174C944A26BC107C00C90B35 /* Date */ = {
			isa = PBXGroup;
			children = (
				174C944B26BC110A00C90B35 /* Date+Utils.swift */,
			);
			path = Date;
			sourceTree = "<group>";
		};
		174C944E26BC1FD000C90B35 /* DateFormatter */ = {
			isa = PBXGroup;
			children = (
				174C944F26BC1FEA00C90B35 /* DateFormatter+template.swift */,
			);
			path = DateFormatter;
			sourceTree = "<group>";
		};
		174C945326BC1FFF00C90B35 /* Calendar */ = {
			isa = PBXGroup;
			children = (
				174C945426BC201500C90B35 /* Calendar+generateDates.swift */,
			);
			path = Calendar;
			sourceTree = "<group>";
		};
/* End PBXGroup section */

/* Begin PBXNativeTarget section */
		17480A4E26AC4D7000DB9737 /* coocal-ios */ = {
			isa = PBXNativeTarget;
			buildConfigurationList = 17480A5E26AC4D7400DB9737 /* Build configuration list for PBXNativeTarget "coocal-ios" */;
			buildPhases = (
				17480A4B26AC4D7000DB9737 /* Sources */,
				17480A4C26AC4D7000DB9737 /* Frameworks */,
				17480A4D26AC4D7000DB9737 /* Resources */,
			);
			buildRules = (
			);
			dependencies = (
			);
			name = "coocal-ios";
			productName = "coocal-ios";
			productReference = 17480A4F26AC4D7000DB9737 /* coocal-ios.app */;
			productType = "com.apple.product-type.application";
		};
/* End PBXNativeTarget section */

/* Begin PBXProject section */
		17480A4726AC4D7000DB9737 /* Project object */ = {
			isa = PBXProject;
			attributes = {
				LastSwiftUpdateCheck = 1240;
				LastUpgradeCheck = 1240;
				TargetAttributes = {
					17480A4E26AC4D7000DB9737 = {
						CreatedOnToolsVersion = 12.4;
					};
				};
			};
			buildConfigurationList = 17480A4A26AC4D7000DB9737 /* Build configuration list for PBXProject "coocal-ios" */;
			compatibilityVersion = "Xcode 9.3";
			developmentRegion = en;
			hasScannedForEncodings = 0;
			knownRegions = (
				en,
				Base,
			);
			mainGroup = 17480A4626AC4D7000DB9737;
			productRefGroup = 17480A5026AC4D7000DB9737 /* Products */;
			projectDirPath = "";
			projectRoot = "";
			targets = (
				17480A4E26AC4D7000DB9737 /* coocal-ios */,
			);
		};
/* End PBXProject section */

/* Begin PBXResourcesBuildPhase section */
		17480A4D26AC4D7000DB9737 /* Resources */ = {
			isa = PBXResourcesBuildPhase;
			buildActionMask = 2147483647;
			files = (
				17480A5A26AC4D7400DB9737 /* Preview Assets.xcassets in Resources */,
				17480A5726AC4D7400DB9737 /* Assets.xcassets in Resources */,
			);
			runOnlyForDeploymentPostprocessing = 0;
		};
/* End PBXResourcesBuildPhase section */

/* Begin PBXSourcesBuildPhase section */
		17480A4B26AC4D7000DB9737 /* Sources */ = {
			isa = PBXSourcesBuildPhase;
			buildActionMask = 2147483647;
			files = (
				174C945026BC1FEA00C90B35 /* DateFormatter+template.swift in Sources */,
				174C945526BC201500C90B35 /* Calendar+generateDates.swift in Sources */,
				17480A5526AC4D7000DB9737 /* ContentView.swift in Sources */,
				17480A7026AC534800DB9737 /* MonthlyNavigation.swift in Sources */,
				17480A6826AC4DDC00DB9737 /* Home.swift in Sources */,
				174C945926BE9D4400C90B35 /* WishList.swift in Sources */,
				17480A5326AC4D7000DB9737 /* coocal_iosApp.swift in Sources */,
				174C944C26BC110A00C90B35 /* Date+Utils.swift in Sources */,
				17480A7326AC55C600DB9737 /* MonthlyCalendar.swift in Sources */,
				174C945C26C0F70200C90B35 /* Calendar.swift in Sources */,
			);
			runOnlyForDeploymentPostprocessing = 0;
		};
/* End PBXSourcesBuildPhase section */

/* Begin XCBuildConfiguration section */
		17480A5C26AC4D7400DB9737 /* Debug */ = {
			isa = XCBuildConfiguration;
			buildSettings = {
				ALWAYS_SEARCH_USER_PATHS = NO;
				CLANG_ANALYZER_NONNULL = YES;
				CLANG_ANALYZER_NUMBER_OBJECT_CONVERSION = YES_AGGRESSIVE;
				CLANG_CXX_LANGUAGE_STANDARD = "gnu++14";
				CLANG_CXX_LIBRARY = "libc++";
				CLANG_ENABLE_MODULES = YES;
				CLANG_ENABLE_OBJC_ARC = YES;
				CLANG_ENABLE_OBJC_WEAK = YES;
				CLANG_WARN_BLOCK_CAPTURE_AUTORELEASING = YES;
				CLANG_WARN_BOOL_CONVERSION = YES;
				CLANG_WARN_COMMA = YES;
				CLANG_WARN_CONSTANT_CONVERSION = YES;
				CLANG_WARN_DEPRECATED_OBJC_IMPLEMENTATIONS = YES;
				CLANG_WARN_DIRECT_OBJC_ISA_USAGE = YES_ERROR;
				CLANG_WARN_DOCUMENTATION_COMMENTS = YES;
				CLANG_WARN_EMPTY_BODY = YES;
				CLANG_WARN_ENUM_CONVERSION = YES;
				CLANG_WARN_INFINITE_RECURSION = YES;
				CLANG_WARN_INT_CONVERSION = YES;
				CLANG_WARN_NON_LITERAL_NULL_CONVERSION = YES;
				CLANG_WARN_OBJC_IMPLICIT_RETAIN_SELF = YES;
				CLANG_WARN_OBJC_LITERAL_CONVERSION = YES;
				CLANG_WARN_OBJC_ROOT_CLASS = YES_ERROR;
				CLANG_WARN_QUOTED_INCLUDE_IN_FRAMEWORK_HEADER = YES;
				CLANG_WARN_RANGE_LOOP_ANALYSIS = YES;
				CLANG_WARN_STRICT_PROTOTYPES = YES;
				CLANG_WARN_SUSPICIOUS_MOVE = YES;
				CLANG_WARN_UNGUARDED_AVAILABILITY = YES_AGGRESSIVE;
				CLANG_WARN_UNREACHABLE_CODE = YES;
				CLANG_WARN__DUPLICATE_METHOD_MATCH = YES;
				COPY_PHASE_STRIP = NO;
				DEBUG_INFORMATION_FORMAT = dwarf;
				ENABLE_STRICT_OBJC_MSGSEND = YES;
				ENABLE_TESTABILITY = YES;
				GCC_C_LANGUAGE_STANDARD = gnu11;
				GCC_DYNAMIC_NO_PIC = NO;
				GCC_NO_COMMON_BLOCKS = YES;
				GCC_OPTIMIZATION_LEVEL = 0;
				GCC_PREPROCESSOR_DEFINITIONS = (
					"DEBUG=1",
					"$(inherited)",
				);
				GCC_WARN_64_TO_32_BIT_CONVERSION = YES;
				GCC_WARN_ABOUT_RETURN_TYPE = YES_ERROR;
				GCC_WARN_UNDECLARED_SELECTOR = YES;
				GCC_WARN_UNINITIALIZED_AUTOS = YES_AGGRESSIVE;
				GCC_WARN_UNUSED_FUNCTION = YES;
				GCC_WARN_UNUSED_VARIABLE = YES;
				IPHONEOS_DEPLOYMENT_TARGET = 14.4;
				MTL_ENABLE_DEBUG_INFO = INCLUDE_SOURCE;
				MTL_FAST_MATH = YES;
				ONLY_ACTIVE_ARCH = YES;
				SDKROOT = iphoneos;
				SWIFT_ACTIVE_COMPILATION_CONDITIONS = DEBUG;
				SWIFT_OPTIMIZATION_LEVEL = "-Onone";
			};
			name = Debug;
		};
		17480A5D26AC4D7400DB9737 /* Release */ = {
			isa = XCBuildConfiguration;
			buildSettings = {
				ALWAYS_SEARCH_USER_PATHS = NO;
				CLANG_ANALYZER_NONNULL = YES;
				CLANG_ANALYZER_NUMBER_OBJECT_CONVERSION = YES_AGGRESSIVE;
				CLANG_CXX_LANGUAGE_STANDARD = "gnu++14";
				CLANG_CXX_LIBRARY = "libc++";
				CLANG_ENABLE_MODULES = YES;
				CLANG_ENABLE_OBJC_ARC = YES;
				CLANG_ENABLE_OBJC_WEAK = YES;
				CLANG_WARN_BLOCK_CAPTURE_AUTORELEASING = YES;
				CLANG_WARN_BOOL_CONVERSION = YES;
				CLANG_WARN_COMMA = YES;
				CLANG_WARN_CONSTANT_CONVERSION = YES;
				CLANG_WARN_DEPRECATED_OBJC_IMPLEMENTATIONS = YES;
				CLANG_WARN_DIRECT_OBJC_ISA_USAGE = YES_ERROR;
				CLANG_WARN_DOCUMENTATION_COMMENTS = YES;
				CLANG_WARN_EMPTY_BODY = YES;
				CLANG_WARN_ENUM_CONVERSION = YES;
				CLANG_WARN_INFINITE_RECURSION = YES;
				CLANG_WARN_INT_CONVERSION = YES;
				CLANG_WARN_NON_LITERAL_NULL_CONVERSION = YES;
				CLANG_WARN_OBJC_IMPLICIT_RETAIN_SELF = YES;
				CLANG_WARN_OBJC_LITERAL_CONVERSION = YES;
				CLANG_WARN_OBJC_ROOT_CLASS = YES_ERROR;
				CLANG_WARN_QUOTED_INCLUDE_IN_FRAMEWORK_HEADER = YES;
				CLANG_WARN_RANGE_LOOP_ANALYSIS = YES;
				CLANG_WARN_STRICT_PROTOTYPES = YES;
				CLANG_WARN_SUSPICIOUS_MOVE = YES;
				CLANG_WARN_UNGUARDED_AVAILABILITY = YES_AGGRESSIVE;
				CLANG_WARN_UNREACHABLE_CODE = YES;
				CLANG_WARN__DUPLICATE_METHOD_MATCH = YES;
				COPY_PHASE_STRIP = NO;
				DEBUG_INFORMATION_FORMAT = "dwarf-with-dsym";
				ENABLE_NS_ASSERTIONS = NO;
				ENABLE_STRICT_OBJC_MSGSEND = YES;
				GCC_C_LANGUAGE_STANDARD = gnu11;
				GCC_NO_COMMON_BLOCKS = YES;
				GCC_WARN_64_TO_32_BIT_CONVERSION = YES;
				GCC_WARN_ABOUT_RETURN_TYPE = YES_ERROR;
				GCC_WARN_UNDECLARED_SELECTOR = YES;
				GCC_WARN_UNINITIALIZED_AUTOS = YES_AGGRESSIVE;
				GCC_WARN_UNUSED_FUNCTION = YES;
				GCC_WARN_UNUSED_VARIABLE = YES;
				IPHONEOS_DEPLOYMENT_TARGET = 14.4;
				MTL_ENABLE_DEBUG_INFO = NO;
				MTL_FAST_MATH = YES;
				SDKROOT = iphoneos;
				SWIFT_COMPILATION_MODE = wholemodule;
				SWIFT_OPTIMIZATION_LEVEL = "-O";
				VALIDATE_PRODUCT = YES;
			};
			name = Release;
		};
		17480A5F26AC4D7400DB9737 /* Debug */ = {
			isa = XCBuildConfiguration;
			buildSettings = {
				ASSETCATALOG_COMPILER_APPICON_NAME = AppIcon;
				ASSETCATALOG_COMPILER_GLOBAL_ACCENT_COLOR_NAME = AccentColor;
				CODE_SIGN_STYLE = Automatic;
				DEVELOPMENT_ASSET_PATHS = "\"coocal-ios/Preview Content\"";
				ENABLE_PREVIEWS = YES;
				INFOPLIST_FILE = "coocal-ios/Info.plist";
				IPHONEOS_DEPLOYMENT_TARGET = 14.0;
				LD_RUNPATH_SEARCH_PATHS = (
					"$(inherited)",
					"@executable_path/Frameworks",
				);
				PRODUCT_BUNDLE_IDENTIFIER = "com.example.apple-samplecode.coocal-ios";
				PRODUCT_NAME = "$(TARGET_NAME)";
				SWIFT_VERSION = 5.0;
				TARGETED_DEVICE_FAMILY = "1,2";
			};
			name = Debug;
		};
		17480A6026AC4D7400DB9737 /* Release */ = {
			isa = XCBuildConfiguration;
			buildSettings = {
				ASSETCATALOG_COMPILER_APPICON_NAME = AppIcon;
				ASSETCATALOG_COMPILER_GLOBAL_ACCENT_COLOR_NAME = AccentColor;
				CODE_SIGN_STYLE = Automatic;
				DEVELOPMENT_ASSET_PATHS = "\"coocal-ios/Preview Content\"";
				ENABLE_PREVIEWS = YES;
				INFOPLIST_FILE = "coocal-ios/Info.plist";
				IPHONEOS_DEPLOYMENT_TARGET = 14.0;
				LD_RUNPATH_SEARCH_PATHS = (
					"$(inherited)",
					"@executable_path/Frameworks",
				);
				PRODUCT_BUNDLE_IDENTIFIER = "com.example.apple-samplecode.coocal-ios";
				PRODUCT_NAME = "$(TARGET_NAME)";
				SWIFT_VERSION = 5.0;
				TARGETED_DEVICE_FAMILY = "1,2";
			};
			name = Release;
		};
/* End XCBuildConfiguration section */

/* Begin XCConfigurationList section */
		17480A4A26AC4D7000DB9737 /* Build configuration list for PBXProject "coocal-ios" */ = {
			isa = XCConfigurationList;
			buildConfigurations = (
				17480A5C26AC4D7400DB9737 /* Debug */,
				17480A5D26AC4D7400DB9737 /* Release */,
			);
			defaultConfigurationIsVisible = 0;
			defaultConfigurationName = Release;
		};
		17480A5E26AC4D7400DB9737 /* Build configuration list for PBXNativeTarget "coocal-ios" */ = {
			isa = XCConfigurationList;
			buildConfigurations = (
				17480A5F26AC4D7400DB9737 /* Debug */,
				17480A6026AC4D7400DB9737 /* Release */,
			);
			defaultConfigurationIsVisible = 0;
			defaultConfigurationName = Release;
		};
/* End XCConfigurationList section */
	};
	rootObject = 17480A4726AC4D7000DB9737 /* Project object */;
}
